
Microsoft Visual Studio Solution File, Format Version 12.00
# Visual Studio 15
VisualStudioVersion = 15.0.28307.329
MinimumVisualStudioVersion = 10.0.40219.1
Project("{FAE04EC0-301F-11D3-BF4B-00C04F79EFBC}") = "Compare the Triplets", "Compare the Triplets\Compare the Triplets.csproj", "{DEB0D317-23DA-49B7-9995-3B2C54B21B5E}"
EndProject
Project("{FAE04EC0-301F-11D3-BF4B-00C04F79EFBC}") = "DataTypes", "DataTypes\DataTypes.csproj", "{57D1ABF4-7A03-4842-943B-101A9C4D15BF}"
EndProject
Project("{FAE04EC0-301F-11D3-BF4B-00C04F79EFBC}") = "AVeryBigSum", "AVeryBigSum\AVeryBigSum.csproj", "{1265FC3D-8D09-41F0-A27F-D27A431080B5}"
EndProject
Project("{FAE04EC0-301F-11D3-BF4B-00C04F79EFBC}") = "IntrotoConditionalStatements", "IntrotoConditionalStatements\IntrotoConditionalStatements.csproj", "{085768D2-A9E5-4C4A-88BE-77BBEBD44329}"
EndProject
Project("{FAE04EC0-301F-11D3-BF4B-00C04F79EFBC}") = "ClassVsInstance", "ClassVsInstance\ClassVsInstance.csproj", "{0C8BB984-2AC5-4C44-9372-778F77CD328A}"
EndProject
Project("{FAE04EC0-301F-11D3-BF4B-00C04F79EFBC}") = "LoopsHacker", "LoopsHacker\LoopsHacker.csproj", "{A0643C81-355E-4EB4-B281-021A7C485B85}"
EndProject
Project("{FAE04EC0-301F-11D3-BF4B-00C04F79EFBC}") = "Let'sReview", "Let'sReview\Let'sReview.csproj", "{9B03C062-7025-47FE-9D18-3FEDBEE119EB}"
EndProject
Project("{FAE04EC0-301F-11D3-BF4B-00C04F79EFBC}") = "DictionariesAndMaps", "DictionariesAndMaps\DictionariesAndMaps.csproj", "{B2E02607-3D07-4F73-845B-F8893EC01D5A}"
EndProject
Project("{FAE04EC0-301F-11D3-BF4B-00C04F79EFBC}") = "Recursion3", "Recursion3\Recursion3.csproj", "{87737ADB-57BC-4022-B06C-3A9DADB06259}"
EndProject
Project("{FAE04EC0-301F-11D3-BF4B-00C04F79EFBC}") = "BinaryNumbers", "BinaryNumbers\BinaryNumbers.csproj", "{CB325729-42BD-4391-A546-1482317644D2}"
EndProject
Project("{FAE04EC0-301F-11D3-BF4B-00C04F79EFBC}") = "SockMerchant", "SockMerchant\SockMerchant.csproj", "{0FA3D310-72F6-4986-92B5-30FD5537BC7A}"
EndProject
Project("{FAE04EC0-301F-11D3-BF4B-00C04F79EFBC}") = "deneme", "deneme\deneme.csproj", "{0F218E3E-A2D5-47E8-8C55-6EE872369CB2}"
EndProject
Project("{FAE04EC0-301F-11D3-BF4B-00C04F79EFBC}") = "Inheritance", "Inheritance\Inheritance.csproj", "{713BFDED-CCFF-4A7C-8E6D-4AE6FD8DF7DD}"
EndProject
Project("{FAE04EC0-301F-11D3-BF4B-00C04F79EFBC}") = "CountingValleys", "CountingValleys\CountingValleys.csproj", "{2269F089-0901-4042-940B-BD4D8E28E34A}"
EndProject
Project("{FAE04EC0-301F-11D3-BF4B-00C04F79EFBC}") = "JumpingOnTheClouds", "JumpingOnTheClouds\JumpingOnTheClouds.csproj", "{505F31A1-496B-4DF2-8D67-EAAD1655924A}"
EndProject
Project("{FAE04EC0-301F-11D3-BF4B-00C04F79EFBC}") = "RepeatedString", "RepeatedString\RepeatedString.csproj", "{0B793AD0-F0FD-4327-B53D-ACABFE35FED3}"
EndProject
Global
	GlobalSection(SolutionConfigurationPlatforms) = preSolution
		Debug|Any CPU = Debug|Any CPU
		Release|Any CPU = Release|Any CPU
	EndGlobalSection
	GlobalSection(ProjectConfigurationPlatforms) = postSolution
		{DEB0D317-23DA-49B7-9995-3B2C54B21B5E}.Debug|Any CPU.ActiveCfg = Debug|Any CPU
		{DEB0D317-23DA-49B7-9995-3B2C54B21B5E}.Debug|Any CPU.Build.0 = Debug|Any CPU
		{DEB0D317-23DA-49B7-9995-3B2C54B21B5E}.Release|Any CPU.ActiveCfg = Release|Any CPU
		{DEB0D317-23DA-49B7-9995-3B2C54B21B5E}.Release|Any CPU.Build.0 = Release|Any CPU
		{57D1ABF4-7A03-4842-943B-101A9C4D15BF}.Debug|Any CPU.ActiveCfg = Debug|Any CPU
		{57D1ABF4-7A03-4842-943B-101A9C4D15BF}.Debug|Any CPU.Build.0 = Debug|Any CPU
		{57D1ABF4-7A03-4842-943B-101A9C4D15BF}.Release|Any CPU.ActiveCfg = Release|Any CPU
		{57D1ABF4-7A03-4842-943B-101A9C4D15BF}.Release|Any CPU.Build.0 = Release|Any CPU
		{1265FC3D-8D09-41F0-A27F-D27A431080B5}.Debug|Any CPU.ActiveCfg = Debug|Any CPU
		{1265FC3D-8D09-41F0-A27F-D27A431080B5}.Debug|Any CPU.Build.0 = Debug|Any CPU
		{1265FC3D-8D09-41F0-A27F-D27A431080B5}.Release|Any CPU.ActiveCfg = Release|Any CPU
		{1265FC3D-8D09-41F0-A27F-D27A431080B5}.Release|Any CPU.Build.0 = Release|Any CPU
		{085768D2-A9E5-4C4A-88BE-77BBEBD44329}.Debug|Any CPU.ActiveCfg = Debug|Any CPU
		{085768D2-A9E5-4C4A-88BE-77BBEBD44329}.Debug|Any CPU.Build.0 = Debug|Any CPU
		{085768D2-A9E5-4C4A-88BE-77BBEBD44329}.Release|Any CPU.ActiveCfg = Release|Any CPU
		{085768D2-A9E5-4C4A-88BE-77BBEBD44329}.Release|Any CPU.Build.0 = Release|Any CPU
		{0C8BB984-2AC5-4C44-9372-778F77CD328A}.Debug|Any CPU.ActiveCfg = Debug|Any CPU
		{0C8BB984-2AC5-4C44-9372-778F77CD328A}.Debug|Any CPU.Build.0 = Debug|Any CPU
		{0C8BB984-2AC5-4C44-9372-778F77CD328A}.Release|Any CPU.ActiveCfg = Release|Any CPU
		{0C8BB984-2AC5-4C44-9372-778F77CD328A}.Release|Any CPU.Build.0 = Release|Any CPU
		{A0643C81-355E-4EB4-B281-021A7C485B85}.Debug|Any CPU.ActiveCfg = Debug|Any CPU
		{A0643C81-355E-4EB4-B281-021A7C485B85}.Debug|Any CPU.Build.0 = Debug|Any CPU
		{A0643C81-355E-4EB4-B281-021A7C485B85}.Release|Any CPU.ActiveCfg = Release|Any CPU
		{A0643C81-355E-4EB4-B281-021A7C485B85}.Release|Any CPU.Build.0 = Release|Any CPU
		{9B03C062-7025-47FE-9D18-3FEDBEE119EB}.Debug|Any CPU.ActiveCfg = Debug|Any CPU
		{9B03C062-7025-47FE-9D18-3FEDBEE119EB}.Debug|Any CPU.Build.0 = Debug|Any CPU
		{9B03C062-7025-47FE-9D18-3FEDBEE119EB}.Release|Any CPU.ActiveCfg = Release|Any CPU
		{9B03C062-7025-47FE-9D18-3FEDBEE119EB}.Release|Any CPU.Build.0 = Release|Any CPU
		{B2E02607-3D07-4F73-845B-F8893EC01D5A}.Debug|Any CPU.ActiveCfg = Debug|Any CPU
		{B2E02607-3D07-4F73-845B-F8893EC01D5A}.Debug|Any CPU.Build.0 = Debug|Any CPU
		{B2E02607-3D07-4F73-845B-F8893EC01D5A}.Release|Any CPU.ActiveCfg = Release|Any CPU
		{B2E02607-3D07-4F73-845B-F8893EC01D5A}.Release|Any CPU.Build.0 = Release|Any CPU
		{87737ADB-57BC-4022-B06C-3A9DADB06259}.Debug|Any CPU.ActiveCfg = Debug|Any CPU
		{87737ADB-57BC-4022-B06C-3A9DADB06259}.Debug|Any CPU.Build.0 = Debug|Any CPU
		{87737ADB-57BC-4022-B06C-3A9DADB06259}.Release|Any CPU.ActiveCfg = Release|Any CPU
		{87737ADB-57BC-4022-B06C-3A9DADB06259}.Release|Any CPU.Build.0 = Release|Any CPU
		{CB325729-42BD-4391-A546-1482317644D2}.Debug|Any CPU.ActiveCfg = Debug|Any CPU
		{CB325729-42BD-4391-A546-1482317644D2}.Debug|Any CPU.Build.0 = Debug|Any CPU
		{CB325729-42BD-4391-A546-1482317644D2}.Release|Any CPU.ActiveCfg = Release|Any CPU
		{CB325729-42BD-4391-A546-1482317644D2}.Release|Any CPU.Build.0 = Release|Any CPU
		{0FA3D310-72F6-4986-92B5-30FD5537BC7A}.Debug|Any CPU.ActiveCfg = Debug|Any CPU
		{0FA3D310-72F6-4986-92B5-30FD5537BC7A}.Debug|Any CPU.Build.0 = Debug|Any CPU
		{0FA3D310-72F6-4986-92B5-30FD5537BC7A}.Release|Any CPU.ActiveCfg = Release|Any CPU
		{0FA3D310-72F6-4986-92B5-30FD5537BC7A}.Release|Any CPU.Build.0 = Release|Any CPU
		{0F218E3E-A2D5-47E8-8C55-6EE872369CB2}.Debug|Any CPU.ActiveCfg = Debug|Any CPU
		{0F218E3E-A2D5-47E8-8C55-6EE872369CB2}.Debug|Any CPU.Build.0 = Debug|Any CPU
		{0F218E3E-A2D5-47E8-8C55-6EE872369CB2}.Release|Any CPU.ActiveCfg = Release|Any CPU
		{0F218E3E-A2D5-47E8-8C55-6EE872369CB2}.Release|Any CPU.Build.0 = Release|Any CPU
		{713BFDED-CCFF-4A7C-8E6D-4AE6FD8DF7DD}.Debug|Any CPU.ActiveCfg = Debug|Any CPU
		{713BFDED-CCFF-4A7C-8E6D-4AE6FD8DF7DD}.Debug|Any CPU.Build.0 = Debug|Any CPU
		{713BFDED-CCFF-4A7C-8E6D-4AE6FD8DF7DD}.Release|Any CPU.ActiveCfg = Release|Any CPU
		{713BFDED-CCFF-4A7C-8E6D-4AE6FD8DF7DD}.Release|Any CPU.Build.0 = Release|Any CPU
		{2269F089-0901-4042-940B-BD4D8E28E34A}.Debug|Any CPU.ActiveCfg = Debug|Any CPU
		{2269F089-0901-4042-940B-BD4D8E28E34A}.Debug|Any CPU.Build.0 = Debug|Any CPU
		{2269F089-0901-4042-940B-BD4D8E28E34A}.Release|Any CPU.ActiveCfg = Release|Any CPU
		{2269F089-0901-4042-940B-BD4D8E28E34A}.Release|Any CPU.Build.0 = Release|Any CPU
		{505F31A1-496B-4DF2-8D67-EAAD1655924A}.Debug|Any CPU.ActiveCfg = Debug|Any CPU
		{505F31A1-496B-4DF2-8D67-EAAD1655924A}.Debug|Any CPU.Build.0 = Debug|Any CPU
		{505F31A1-496B-4DF2-8D67-EAAD1655924A}.Release|Any CPU.ActiveCfg = Release|Any CPU
		{505F31A1-496B-4DF2-8D67-EAAD1655924A}.Release|Any CPU.Build.0 = Release|Any CPU
		{0B793AD0-F0FD-4327-B53D-ACABFE35FED3}.Debug|Any CPU.ActiveCfg = Debug|Any CPU
		{0B793AD0-F0FD-4327-B53D-ACABFE35FED3}.Debug|Any CPU.Build.0 = Debug|Any CPU
		{0B793AD0-F0FD-4327-B53D-ACABFE35FED3}.Release|Any CPU.ActiveCfg = Release|Any CPU
		{0B793AD0-F0FD-4327-B53D-ACABFE35FED3}.Release|Any CPU.Build.0 = Release|Any CPU
	EndGlobalSection
	GlobalSection(SolutionProperties) = preSolution
		HideSolutionNode = FALSE
	EndGlobalSection
	GlobalSection(ExtensibilityGlobals) = postSolution
		SolutionGuid = {BBFD649F-8B3D-429C-BFBD-AA8D430F749B}
	EndGlobalSection
EndGlobal
